<Solution>
  <Folder Name="/Task0/">
    <Project Path="Tyuiu.SadykovSV.Sprint4.Task0.V4.Lib/Tyuiu.SadykovSV.Sprint4.Task0.V4.Lib.csproj" />
    <Project Path="Tyuiu.SadykovSV.Sprint4.Task0.V4.Test/Tyuiu.SadykovSV.Sprint4.Task0.V4.Test.csproj" />
    <Project Path="Tyuiu.SadykovSV.Sprint4.Task0.V4/Tyuiu.SadykovSV.Sprint4.Task0.V4.csproj" />
  </Folder>
  <Folder Name="/Task1/">
    <Project Path="Tyuiu.SadykovSV.Sprint4.Task1.V2.Lib/Tyuiu.SadykovSV.Sprint4.Task1.V2.Lib.csproj" Id="ae217312-fb28-47fb-be08-1b5c0632d641" />
    <Project Path="Tyuiu.SadykovSV.Sprint4.Task1.V2.Test/Tyuiu.SadykovSV.Sprint4.Task1.V2.Test.csproj" Id="bc937cd9-89cd-4f96-994c-1787c50bff9f" />
    <Project Path="Tyuiu.SadykovSV.Sprint4.Task1.V2/Tyuiu.SadykovSV.Sprint4.Task1.V2.csproj" Id="a98ac525-c1f8-4166-9053-278c27f2e905" />
  </Folder>
  <Folder Name="/Task2/">
    <Project Path="Tyuiu.SadykovSV.Sprint4.Task2.V21.Lib/Tyuiu.SadykovSV.Sprint4.Task2.V21.Lib.csproj" Id="7d6604cf-f44b-4055-870a-0d5a13ab1fc6" />
    <Project Path="Tyuiu.SadykovSV.Sprint4.Task2.V21.Test/Tyuiu.SadykovSV.Sprint4.Task2.V21.Test.csproj" Id="fbede707-9631-4eeb-bc0e-92ebb43ba574" />
    <Project Path="Tyuiu.SadykovSV.Sprint4.Task2.V21/Tyuiu.SadykovSV.Sprint4.Task2.V21.csproj" Id="ec120a0f-760d-4201-819c-cd6a090b2d0b" />
  </Folder>
  <Folder Name="/Task3/">
    <Project Path="Tyuiu.SadykovSV.Sprint4.Task3.V5.LIb/Tyuiu.SadykovSV.Sprint4.Task3.V5.LIb.csproj" Id="a33a6d3f-ef98-4e59-83c2-9849fb1291f0" DisplayName="Tyuiu.SadykovSV.Sprint4.Task3.V5.Lib" />
    <Project Path="Tyuiu.SadykovSV.Sprint4.Task3.V5.Test/Tyuiu.SadykovSV.Sprint4.Task3.V5.Test.csproj" Id="8dc50e89-5596-4186-9bc6-b7134ee172f0" />
    <Project Path="Tyuiu.SadykovSV.Sprint4.Task3.V5/Tyuiu.SadykovSV.Sprint4.Task3.V5.csproj" Id="1acff7b6-ac26-4251-9182-f1d285617c6f" />
  </Folder>
</Solution>
